<Solution>
  <Folder Name="/src/">
    <Project Path="src/TrendsTracker.Api/TrendsTracker.Api.csproj" />
    <Project Path="src/TrendsTracker.Company/TrendsTracker.Company.csproj" />
    <Project Path="src/TrendsTracker.Core/TrendsTracker.Core.csproj" />
    <Project Path="src/TrendsTracker.Data/TrendsTracker.Data.csproj" />
    <Project Path="src/TrendsTracker.Screen/TrendsTracker.Screen.csproj" />
    <Project Path="src/TrendsTracker.Trends/TrendsTracker.Trends.csproj" />
  </Folder>
</Solution>
